
Microsoft Visual Studio Solution File, Format Version 12.00
# Visual Studio Version 17
VisualStudioVersion = 17.8.34525.116
MinimumVisualStudioVersion = 10.0.40219.1
Project("{FAE04EC0-301F-11D3-BF4B-00C04F79EFBC}") = "l4", "l4.csproj", "{F23360FA-FDF0-4EC0-BEB6-ECC8573F4F3F}"
EndProject
Project("{FAE04EC0-301F-11D3-BF4B-00C04F79EFBC}") = "canvasupd", "..\canvasupd\canvasupd.csproj", "{568B8379-3CC5-46C6-9225-E985AB9D094D}"
EndProject
Global
	GlobalSection(SolutionConfigurationPlatforms) = preSolution
		Debug|Any CPU = Debug|Any CPU
		Release|Any CPU = Release|Any CPU
	EndGlobalSection
	GlobalSection(ProjectConfigurationPlatforms) = postSolution
		{F23360FA-FDF0-4EC0-BEB6-ECC8573F4F3F}.Debug|Any CPU.ActiveCfg = Debug|Any CPU
		{F23360FA-FDF0-4EC0-BEB6-ECC8573F4F3F}.Debug|Any CPU.Build.0 = Debug|Any CPU
		{F23360FA-FDF0-4EC0-BEB6-ECC8573F4F3F}.Release|Any CPU.ActiveCfg = Release|Any CPU
		{F23360FA-FDF0-4EC0-BEB6-ECC8573F4F3F}.Release|Any CPU.Build.0 = Release|Any CPU
		{568B8379-3CC5-46C6-9225-E985AB9D094D}.Debug|Any CPU.ActiveCfg = Debug|Any CPU
		{568B8379-3CC5-46C6-9225-E985AB9D094D}.Debug|Any CPU.Build.0 = Debug|Any CPU
		{568B8379-3CC5-46C6-9225-E985AB9D094D}.Release|Any CPU.ActiveCfg = Release|Any CPU
		{568B8379-3CC5-46C6-9225-E985AB9D094D}.Release|Any CPU.Build.0 = Release|Any CPU
	EndGlobalSection
	GlobalSection(SolutionProperties) = preSolution
		HideSolutionNode = FALSE
	EndGlobalSection
	GlobalSection(ExtensibilityGlobals) = postSolution
		SolutionGuid = {6957D3BE-D72C-4296-8B76-04B4F6E384BC}
	EndGlobalSection
EndGlobal
